
Microsoft Visual Studio Solution File, Format Version 12.00
# Visual Studio Version 17
VisualStudioVersion = 17.4.33213.308
MinimumVisualStudioVersion = 10.0.40219.1
Project("{FAE04EC0-301F-11D3-BF4B-00C04F79EFBC}") = "CreatePsc2KepserverCsvFiles", "CreatePsc2KepserverCsvFiles.csproj", "{71900B3A-59B6-40F6-AA37-22C138F1DFD0}"
EndProject
Global
	GlobalSection(SolutionConfigurationPlatforms) = preSolution
		Debug|Any CPU = Debug|Any CPU
		Release|Any CPU = Release|Any CPU
	EndGlobalSection
	GlobalSection(ProjectConfigurationPlatforms) = postSolution
		{71900B3A-59B6-40F6-AA37-22C138F1DFD0}.Debug|Any CPU.ActiveCfg = Debug|Any CPU
		{71900B3A-59B6-40F6-AA37-22C138F1DFD0}.Debug|Any CPU.Build.0 = Debug|Any CPU
		{71900B3A-59B6-40F6-AA37-22C138F1DFD0}.Release|Any CPU.ActiveCfg = Release|Any CPU
		{71900B3A-59B6-40F6-AA37-22C138F1DFD0}.Release|Any CPU.Build.0 = Release|Any CPU
	EndGlobalSection
	GlobalSection(SolutionProperties) = preSolution
		HideSolutionNode = FALSE
	EndGlobalSection
	GlobalSection(ExtensibilityGlobals) = postSolution
		SolutionGuid = {914A0CB3-F8A7-465E-B2A0-7EC325D83E53}
	EndGlobalSection
EndGlobal
