
Microsoft Visual Studio Solution File, Format Version 12.00
# Visual Studio Version 17
VisualStudioVersion = 17.6.33801.468
MinimumVisualStudioVersion = 10.0.40219.1
Project("{FAE04EC0-301F-11D3-BF4B-00C04F79EFBC}") = "NiceLittleLogger", "NiceLittleLogger.csproj", "{84D90E3E-18C9-4D7D-B3B5-EB7E2CDBD1F7}"
EndProject
Project("{FAE04EC0-301F-11D3-BF4B-00C04F79EFBC}") = "LoggerTest", "..\LoggerTest\LoggerTest.csproj", "{4EF0E1B5-D08F-4897-B551-E9936FEE24DF}"
EndProject
Global
	GlobalSection(SolutionConfigurationPlatforms) = preSolution
		Debug|Any CPU = Debug|Any CPU
		Release|Any CPU = Release|Any CPU
	EndGlobalSection
	GlobalSection(ProjectConfigurationPlatforms) = postSolution
		{84D90E3E-18C9-4D7D-B3B5-EB7E2CDBD1F7}.Debug|Any CPU.ActiveCfg = Debug|Any CPU
		{84D90E3E-18C9-4D7D-B3B5-EB7E2CDBD1F7}.Debug|Any CPU.Build.0 = Debug|Any CPU
		{84D90E3E-18C9-4D7D-B3B5-EB7E2CDBD1F7}.Release|Any CPU.ActiveCfg = Release|Any CPU
		{84D90E3E-18C9-4D7D-B3B5-EB7E2CDBD1F7}.Release|Any CPU.Build.0 = Release|Any CPU
		{4EF0E1B5-D08F-4897-B551-E9936FEE24DF}.Debug|Any CPU.ActiveCfg = Debug|Any CPU
		{4EF0E1B5-D08F-4897-B551-E9936FEE24DF}.Debug|Any CPU.Build.0 = Debug|Any CPU
		{4EF0E1B5-D08F-4897-B551-E9936FEE24DF}.Release|Any CPU.ActiveCfg = Release|Any CPU
		{4EF0E1B5-D08F-4897-B551-E9936FEE24DF}.Release|Any CPU.Build.0 = Release|Any CPU
	EndGlobalSection
	GlobalSection(SolutionProperties) = preSolution
		HideSolutionNode = FALSE
	EndGlobalSection
	GlobalSection(ExtensibilityGlobals) = postSolution
		SolutionGuid = {11923279-C6BD-45C7-95BE-8EF42E9EBD84}
	EndGlobalSection
EndGlobal
