
Microsoft Visual Studio Solution File, Format Version 12.00
# Visual Studio 15
VisualStudioVersion = 15.0.26730.15
MinimumVisualStudioVersion = 10.0.40219.1
Project("{FAE04EC0-301F-11D3-BF4B-00C04F79EFBC}") = "MstEmbeddedLogger", "MstEmbeddedLogger\MstEmbeddedLogger.csproj", "{DC8F2FA0-A6EA-49B8-9C54-E3B014FF232E}"
EndProject
Global
	GlobalSection(SolutionConfigurationPlatforms) = preSolution
		Debug|Any CPU = Debug|Any CPU
		Release|Any CPU = Release|Any CPU
	EndGlobalSection
	GlobalSection(ProjectConfigurationPlatforms) = postSolution
		{DC8F2FA0-A6EA-49B8-9C54-E3B014FF232E}.Debug|Any CPU.ActiveCfg = Debug|Any CPU
		{DC8F2FA0-A6EA-49B8-9C54-E3B014FF232E}.Debug|Any CPU.Build.0 = Debug|Any CPU
		{DC8F2FA0-A6EA-49B8-9C54-E3B014FF232E}.Release|Any CPU.ActiveCfg = Release|Any CPU
		{DC8F2FA0-A6EA-49B8-9C54-E3B014FF232E}.Release|Any CPU.Build.0 = Release|Any CPU
	EndGlobalSection
	GlobalSection(SolutionProperties) = preSolution
		HideSolutionNode = FALSE
	EndGlobalSection
	GlobalSection(ExtensibilityGlobals) = postSolution
		SolutionGuid = {FD004F49-BA33-41E8-97E3-6A948CBB2435}
	EndGlobalSection
EndGlobal
