
Microsoft Visual Studio Solution File, Format Version 12.00
# Visual Studio Version 17
VisualStudioVersion = 17.4.33122.133
MinimumVisualStudioVersion = 10.0.40219.1
Project("{9A19103F-16F7-4668-BE54-9A1E7A4F7556}") = "NoraJitterTool", "NoraJitterTool.csproj", "{4A2B8556-9222-49A0-8282-81BEF2E47A39}"
EndProject
Global
	GlobalSection(SolutionConfigurationPlatforms) = preSolution
		Debug|Any CPU = Debug|Any CPU
		Release|Any CPU = Release|Any CPU
	EndGlobalSection
	GlobalSection(ProjectConfigurationPlatforms) = postSolution
		{4A2B8556-9222-49A0-8282-81BEF2E47A39}.Debug|Any CPU.ActiveCfg = Debug|Any CPU
		{4A2B8556-9222-49A0-8282-81BEF2E47A39}.Debug|Any CPU.Build.0 = Debug|Any CPU
		{4A2B8556-9222-49A0-8282-81BEF2E47A39}.Release|Any CPU.ActiveCfg = Release|Any CPU
		{4A2B8556-9222-49A0-8282-81BEF2E47A39}.Release|Any CPU.Build.0 = Release|Any CPU
	EndGlobalSection
	GlobalSection(SolutionProperties) = preSolution
		HideSolutionNode = FALSE
	EndGlobalSection
	GlobalSection(ExtensibilityGlobals) = postSolution
		SolutionGuid = {DF61DD63-6463-40BF-98F6-C7E6638852C5}
	EndGlobalSection
EndGlobal
