
Microsoft Visual Studio Solution File, Format Version 12.00
# Visual Studio Version 17
VisualStudioVersion = 17.8.34511.84
MinimumVisualStudioVersion = 10.0.40219.1
Project("{FAE04EC0-301F-11D3-BF4B-00C04F79EFBC}") = "UpdateLics", "UpdateLics.csproj", "{3A3AAE16-DE36-4CEC-81B5-666A0DFF9E5A}"
EndProject
Global
	GlobalSection(SolutionConfigurationPlatforms) = preSolution
		Debug|Any CPU = Debug|Any CPU
		Release|Any CPU = Release|Any CPU
	EndGlobalSection
	GlobalSection(ProjectConfigurationPlatforms) = postSolution
		{3A3AAE16-DE36-4CEC-81B5-666A0DFF9E5A}.Debug|Any CPU.ActiveCfg = Debug|Any CPU
		{3A3AAE16-DE36-4CEC-81B5-666A0DFF9E5A}.Debug|Any CPU.Build.0 = Debug|Any CPU
		{3A3AAE16-DE36-4CEC-81B5-666A0DFF9E5A}.Release|Any CPU.ActiveCfg = Release|Any CPU
		{3A3AAE16-DE36-4CEC-81B5-666A0DFF9E5A}.Release|Any CPU.Build.0 = Release|Any CPU
	EndGlobalSection
	GlobalSection(SolutionProperties) = preSolution
		HideSolutionNode = FALSE
	EndGlobalSection
	GlobalSection(ExtensibilityGlobals) = postSolution
		SolutionGuid = {7EE0C10C-CFAD-481A-96BA-6BCC9EB6B580}
	EndGlobalSection
EndGlobal
